
Microsoft Visual Studio Solution File, Format Version 12.00
# Visual Studio Version 17
VisualStudioVersion = 17.14.36127.28
MinimumVisualStudioVersion = 10.0.40219.1
Project("{FAE04EC0-301F-11D3-BF4B-00C04F79EFBC}") = "FacturasAPI", "FacturasAPI\FacturasAPI.csproj", "{BD804C09-ED3B-4FC8-BD22-CEAAB4B6A226}"
EndProject
Project("{FAE04EC0-301F-11D3-BF4B-00C04F79EFBC}") = "FacturasCyber", "FacturasCyber\FacturasCyber.csproj", "{A922EA60-7020-3700-53A0-84C72524ED0E}"
EndProject
Global
	GlobalSection(SolutionConfigurationPlatforms) = preSolution
		Debug|Any CPU = Debug|Any CPU
		Release|Any CPU = Release|Any CPU
	EndGlobalSection
	GlobalSection(ProjectConfigurationPlatforms) = postSolution
		{BD804C09-ED3B-4FC8-BD22-CEAAB4B6A226}.Debug|Any CPU.ActiveCfg = Debug|Any CPU
		{BD804C09-ED3B-4FC8-BD22-CEAAB4B6A226}.Debug|Any CPU.Build.0 = Debug|Any CPU
		{BD804C09-ED3B-4FC8-BD22-CEAAB4B6A226}.Release|Any CPU.ActiveCfg = Release|Any CPU
		{BD804C09-ED3B-4FC8-BD22-CEAAB4B6A226}.Release|Any CPU.Build.0 = Release|Any CPU
		{A922EA60-7020-3700-53A0-84C72524ED0E}.Debug|Any CPU.ActiveCfg = Debug|Any CPU
		{A922EA60-7020-3700-53A0-84C72524ED0E}.Debug|Any CPU.Build.0 = Debug|Any CPU
		{A922EA60-7020-3700-53A0-84C72524ED0E}.Release|Any CPU.ActiveCfg = Release|Any CPU
		{A922EA60-7020-3700-53A0-84C72524ED0E}.Release|Any CPU.Build.0 = Release|Any CPU
	EndGlobalSection
	GlobalSection(SolutionProperties) = preSolution
		HideSolutionNode = FALSE
	EndGlobalSection
	GlobalSection(ExtensibilityGlobals) = postSolution
		SolutionGuid = {6D3519F6-752A-45E3-B927-B2DFCC61A786}
	EndGlobalSection
EndGlobal
